
Microsoft Visual Studio Solution File, Format Version 12.00
# Visual Studio Version 17
VisualStudioVersion = 17.8.34525.116
MinimumVisualStudioVersion = 10.0.40219.1
Project("{9A19103F-16F7-4668-BE54-9A1E7A4F7556}") = "ConsoleUI", "UI\ConsoleUI.csproj", "{E4B1522E-8815-452D-9E09-FD8C56BECCB8}"
EndProject
Project("{9A19103F-16F7-4668-BE54-9A1E7A4F7556}") = "Entities", "Entities\Entities.csproj", "{5A1F5807-C7D6-4260-9132-E6D2E3B5E7A6}"
EndProject
Project("{9A19103F-16F7-4668-BE54-9A1E7A4F7556}") = "DataAccess", "DataAccess\DataAccess.csproj", "{6924CC71-63D6-4C35-BB63-C87C28A61A3D}"
EndProject
Project("{9A19103F-16F7-4668-BE54-9A1E7A4F7556}") = "Business", "Business\Business.csproj", "{1F13A5BE-B6BF-499F-9A99-5F7C65E10D44}"
EndProject
Project("{FAE04EC0-301F-11D3-BF4B-00C04F79EFBC}") = "WebApi", "WebApi\WebApi.csproj", "{EA8812D7-2EC3-40B0-BC39-D2D95440B7E8}"
EndProject
Global
	GlobalSection(SolutionConfigurationPlatforms) = preSolution
		Debug|Any CPU = Debug|Any CPU
		Release|Any CPU = Release|Any CPU
	EndGlobalSection
	GlobalSection(ProjectConfigurationPlatforms) = postSolution
		{E4B1522E-8815-452D-9E09-FD8C56BECCB8}.Debug|Any CPU.ActiveCfg = Debug|Any CPU
		{E4B1522E-8815-452D-9E09-FD8C56BECCB8}.Debug|Any CPU.Build.0 = Debug|Any CPU
		{E4B1522E-8815-452D-9E09-FD8C56BECCB8}.Release|Any CPU.ActiveCfg = Release|Any CPU
		{E4B1522E-8815-452D-9E09-FD8C56BECCB8}.Release|Any CPU.Build.0 = Release|Any CPU
		{5A1F5807-C7D6-4260-9132-E6D2E3B5E7A6}.Debug|Any CPU.ActiveCfg = Debug|Any CPU
		{5A1F5807-C7D6-4260-9132-E6D2E3B5E7A6}.Debug|Any CPU.Build.0 = Debug|Any CPU
		{5A1F5807-C7D6-4260-9132-E6D2E3B5E7A6}.Release|Any CPU.ActiveCfg = Release|Any CPU
		{5A1F5807-C7D6-4260-9132-E6D2E3B5E7A6}.Release|Any CPU.Build.0 = Release|Any CPU
		{6924CC71-63D6-4C35-BB63-C87C28A61A3D}.Debug|Any CPU.ActiveCfg = Debug|Any CPU
		{6924CC71-63D6-4C35-BB63-C87C28A61A3D}.Debug|Any CPU.Build.0 = Debug|Any CPU
		{6924CC71-63D6-4C35-BB63-C87C28A61A3D}.Release|Any CPU.ActiveCfg = Release|Any CPU
		{6924CC71-63D6-4C35-BB63-C87C28A61A3D}.Release|Any CPU.Build.0 = Release|Any CPU
		{1F13A5BE-B6BF-499F-9A99-5F7C65E10D44}.Debug|Any CPU.ActiveCfg = Debug|Any CPU
		{1F13A5BE-B6BF-499F-9A99-5F7C65E10D44}.Debug|Any CPU.Build.0 = Debug|Any CPU
		{1F13A5BE-B6BF-499F-9A99-5F7C65E10D44}.Release|Any CPU.ActiveCfg = Release|Any CPU
		{1F13A5BE-B6BF-499F-9A99-5F7C65E10D44}.Release|Any CPU.Build.0 = Release|Any CPU
		{EA8812D7-2EC3-40B0-BC39-D2D95440B7E8}.Debug|Any CPU.ActiveCfg = Debug|Any CPU
		{EA8812D7-2EC3-40B0-BC39-D2D95440B7E8}.Debug|Any CPU.Build.0 = Debug|Any CPU
		{EA8812D7-2EC3-40B0-BC39-D2D95440B7E8}.Release|Any CPU.ActiveCfg = Release|Any CPU
		{EA8812D7-2EC3-40B0-BC39-D2D95440B7E8}.Release|Any CPU.Build.0 = Release|Any CPU
	EndGlobalSection
	GlobalSection(SolutionProperties) = preSolution
		HideSolutionNode = FALSE
	EndGlobalSection
	GlobalSection(ExtensibilityGlobals) = postSolution
		SolutionGuid = {830C931F-2C1D-4272-980C-F77D57661486}
	EndGlobalSection
EndGlobal
